// !$*UTF8*$!
{
	archiveVersion = 1;
	classes = {
	};
	objectVersion = 46;
	objects = {

/* Begin PBXBuildFile section */
		7D062AF91AF11A4D0009162C /* StationViewController.m in Sources */ = {isa = PBXBuildFile; fileRef = 7D062AF71AF11A4D0009162C /* StationViewController.m */; };
		7D062AFA1AF11A4D0009162C /* StationViewController.xib in Resources */ = {isa = PBXBuildFile; fileRef = 7D062AF81AF11A4D0009162C /* StationViewController.xib */; };
		7D24A8101AF26532002221E0 /* LineInterfaceController.m in Sources */ = {isa = PBXBuildFile; fileRef = 7D24A80F1AF26532002221E0 /* LineInterfaceController.m */; };
		7D24A8131AF2653D002221E0 /* StationInterfaceController.m in Sources */ = {isa = PBXBuildFile; fileRef = 7D24A8121AF2653D002221E0 /* StationInterfaceController.m */; };
		7D24A8161AF2689C002221E0 /* LineRowType.m in Sources */ = {isa = PBXBuildFile; fileRef = 7D24A8151AF2689C002221E0 /* LineRowType.m */; };
		7D2887DD1AE3F36E000FDB46 /* main.m in Sources */ = {isa = PBXBuildFile; fileRef = 7D2887DC1AE3F36E000FDB46 /* main.m */; };
		7D2887E01AE3F36E000FDB46 /* AppDelegate.m in Sources */ = {isa = PBXBuildFile; fileRef = 7D2887DF1AE3F36E000FDB46 /* AppDelegate.m */; };
		7D2887E31AE3F36E000FDB46 /* PragueSubway.xcdatamodeld in Sources */ = {isa = PBXBuildFile; fileRef = 7D2887E11AE3F36E000FDB46 /* PragueSubway.xcdatamodeld */; };
		7D2887E61AE3F36E000FDB46 /* ViewController.m in Sources */ = {isa = PBXBuildFile; fileRef = 7D2887E51AE3F36E000FDB46 /* ViewController.m */; };
		7D2887E91AE3F36E000FDB46 /* Main.storyboard in Resources */ = {isa = PBXBuildFile; fileRef = 7D2887E71AE3F36E000FDB46 /* Main.storyboard */; };
		7D2887EB1AE3F36E000FDB46 /* Images.xcassets in Resources */ = {isa = PBXBuildFile; fileRef = 7D2887EA1AE3F36E000FDB46 /* Images.xcassets */; };
		7D2887EE1AE3F36E000FDB46 /* LaunchScreen.xib in Resources */ = {isa = PBXBuildFile; fileRef = 7D2887EC1AE3F36E000FDB46 /* LaunchScreen.xib */; };
		7D2887FA1AE3F36E000FDB46 /* PragueSubwayTests.m in Sources */ = {isa = PBXBuildFile; fileRef = 7D2887F91AE3F36E000FDB46 /* PragueSubwayTests.m */; };
		7D28881F1AE40241000FDB46 /* CoreData.framework in Frameworks */ = {isa = PBXBuildFile; fileRef = 7D2888141AE401E1000FDB46 /* CoreData.framework */; settings = {ATTRIBUTES = (Required, ); }; };
		7D2888221AE403C3000FDB46 /* Station.m in Sources */ = {isa = PBXBuildFile; fileRef = 7D2888211AE403C3000FDB46 /* Station.m */; };
		7D2888251AE403C4000FDB46 /* Departure.m in Sources */ = {isa = PBXBuildFile; fileRef = 7D2888241AE403C4000FDB46 /* Departure.m */; };
		7D2888281AE403C4000FDB46 /* SubwayLine.m in Sources */ = {isa = PBXBuildFile; fileRef = 7D2888271AE403C4000FDB46 /* SubwayLine.m */; };
		7D28882C1AE406B6000FDB46 /* DataService.m in Sources */ = {isa = PBXBuildFile; fileRef = 7D28882B1AE406B6000FDB46 /* DataService.m */; };
		7D28882F1AE408EE000FDB46 /* UIKit.framework in Frameworks */ = {isa = PBXBuildFile; fileRef = 7D28882E1AE408EE000FDB46 /* UIKit.framework */; };
		7D2888311AE40914000FDB46 /* Foundation.framework in Frameworks */ = {isa = PBXBuildFile; fileRef = 7D2888301AE40914000FDB46 /* Foundation.framework */; };
		7D329BC51AF21B690087C3C5 /* DeparturesTimer.m in Sources */ = {isa = PBXBuildFile; fileRef = 7D329BC41AF21B690087C3C5 /* DeparturesTimer.m */; };
		7D3725231AE6312E00E30D21 /* DataService+SubwayLine.m in Sources */ = {isa = PBXBuildFile; fileRef = 7D3725221AE6312E00E30D21 /* DataService+SubwayLine.m */; };
		7D3725261AE6327700E30D21 /* DataService+Departure.m in Sources */ = {isa = PBXBuildFile; fileRef = 7D3725251AE6327700E30D21 /* DataService+Departure.m */; };
		7D37252D1AE66CBE00E30D21 /* DataService+InitialData.m in Sources */ = {isa = PBXBuildFile; fileRef = 7D37252C1AE66CBE00E30D21 /* DataService+InitialData.m */; };
		7D8C44631AF1779C00A7363A /* DepartureSectionHeaderView.m in Sources */ = {isa = PBXBuildFile; fileRef = 7D8C44621AF1779C00A7363A /* DepartureSectionHeaderView.m */; };
		7DA0F4B01AF26312006FD465 /* InterfaceController.m in Sources */ = {isa = PBXBuildFile; fileRef = 7DA0F4AF1AF26312006FD465 /* InterfaceController.m */; };
		7DA0F4B21AF26312006FD465 /* Images.xcassets in Resources */ = {isa = PBXBuildFile; fileRef = 7DA0F4B11AF26312006FD465 /* Images.xcassets */; };
		7DA0F4B61AF26312006FD465 /* PragueSubway WatchKit App.app in Resources */ = {isa = PBXBuildFile; fileRef = 7DA0F4B51AF26312006FD465 /* PragueSubway WatchKit App.app */; };
		7DA0F4BE1AF26312006FD465 /* Interface.storyboard in Resources */ = {isa = PBXBuildFile; fileRef = 7DA0F4BC1AF26312006FD465 /* Interface.storyboard */; };
		7DA0F4C01AF26312006FD465 /* Images.xcassets in Resources */ = {isa = PBXBuildFile; fileRef = 7DA0F4BF1AF26312006FD465 /* Images.xcassets */; };
		7DA0F4C31AF26312006FD465 /* PragueSubway WatchKit Extension.appex in Embed App Extensions */ = {isa = PBXBuildFile; fileRef = 7DA0F4AA1AF26312006FD465 /* PragueSubway WatchKit Extension.appex */; settings = {ATTRIBUTES = (RemoveHeadersOnCopy, ); }; };
		7DAE6A2D1AE4DD890062054C /* DataService+Station.m in Sources */ = {isa = PBXBuildFile; fileRef = 7DAE6A2C1AE4DD890062054C /* DataService+Station.m */; };
		7DBB60081AE78FE5007C6B2A /* SubwayView.m in Sources */ = {isa = PBXBuildFile; fileRef = 7DBB60071AE78FE5007C6B2A /* SubwayView.m */; };
/* End PBXBuildFile section */

/* Begin PBXContainerItemProxy section */
		7D2887F41AE3F36E000FDB46 /* PBXContainerItemProxy */ = {
			isa = PBXContainerItemProxy;
			containerPortal = 7D2887CF1AE3F36E000FDB46 /* Project object */;
			proxyType = 1;
			remoteGlobalIDString = 7D2887D61AE3F36E000FDB46;
			remoteInfo = PragueSubway;
		};
		7DA0F4B71AF26312006FD465 /* PBXContainerItemProxy */ = {
			isa = PBXContainerItemProxy;
			containerPortal = 7D2887CF1AE3F36E000FDB46 /* Project object */;
			proxyType = 1;
			remoteGlobalIDString = 7DA0F4B41AF26312006FD465;
			remoteInfo = "PragueSubway WatchKit App";
		};
		7DA0F4C11AF26312006FD465 /* PBXContainerItemProxy */ = {
			isa = PBXContainerItemProxy;
			containerPortal = 7D2887CF1AE3F36E000FDB46 /* Project object */;
			proxyType = 1;
			remoteGlobalIDString = 7DA0F4A91AF26312006FD465;
			remoteInfo = "PragueSubway WatchKit Extension";
		};
/* End PBXContainerItemProxy section */

/* Begin PBXCopyFilesBuildPhase section */
		7DA0F4C81AF26312006FD465 /* Embed App Extensions */ = {
			isa = PBXCopyFilesBuildPhase;
			buildActionMask = 2147483647;
			dstPath = "";
			dstSubfolderSpec = 13;
			files = (
				7DA0F4C31AF26312006FD465 /* PragueSubway WatchKit Extension.appex in Embed App Extensions */,
			);
			name = "Embed App Extensions";
			runOnlyForDeploymentPostprocessing = 0;
		};
/* End PBXCopyFilesBuildPhase section */

/* Begin PBXFileReference section */
		7D062AF61AF11A4D0009162C /* StationViewController.h */ = {isa = PBXFileReference; fileEncoding = 4; lastKnownFileType = sourcecode.c.h; path = StationViewController.h; sourceTree = "<group>"; };
		7D062AF71AF11A4D0009162C /* StationViewController.m */ = {isa = PBXFileReference; fileEncoding = 4; lastKnownFileType = sourcecode.c.objc; path = StationViewController.m; sourceTree = "<group>"; };
		7D062AF81AF11A4D0009162C /* StationViewController.xib */ = {isa = PBXFileReference; fileEncoding = 4; lastKnownFileType = file.xib; path = StationViewController.xib; sourceTree = "<group>"; };
		7D24A80E1AF26532002221E0 /* LineInterfaceController.h */ = {isa = PBXFileReference; fileEncoding = 4; lastKnownFileType = sourcecode.c.h; path = LineInterfaceController.h; sourceTree = "<group>"; };
		7D24A80F1AF26532002221E0 /* LineInterfaceController.m */ = {isa = PBXFileReference; fileEncoding = 4; lastKnownFileType = sourcecode.c.objc; path = LineInterfaceController.m; sourceTree = "<group>"; };
		7D24A8111AF2653D002221E0 /* StationInterfaceController.h */ = {isa = PBXFileReference; fileEncoding = 4; lastKnownFileType = sourcecode.c.h; path = StationInterfaceController.h; sourceTree = "<group>"; };
		7D24A8121AF2653D002221E0 /* StationInterfaceController.m */ = {isa = PBXFileReference; fileEncoding = 4; lastKnownFileType = sourcecode.c.objc; path = StationInterfaceController.m; sourceTree = "<group>"; };
		7D24A8141AF2689C002221E0 /* LineRowType.h */ = {isa = PBXFileReference; fileEncoding = 4; lastKnownFileType = sourcecode.c.h; path = LineRowType.h; sourceTree = "<group>"; };
		7D24A8151AF2689C002221E0 /* LineRowType.m */ = {isa = PBXFileReference; fileEncoding = 4; lastKnownFileType = sourcecode.c.objc; path = LineRowType.m; sourceTree = "<group>"; };
		7D2887D71AE3F36E000FDB46 /* PragueSubway.app */ = {isa = PBXFileReference; explicitFileType = wrapper.application; includeInIndex = 0; path = PragueSubway.app; sourceTree = BUILT_PRODUCTS_DIR; };
		7D2887DB1AE3F36E000FDB46 /* Info.plist */ = {isa = PBXFileReference; lastKnownFileType = text.plist.xml; path = Info.plist; sourceTree = "<group>"; };
		7D2887DC1AE3F36E000FDB46 /* main.m */ = {isa = PBXFileReference; lastKnownFileType = sourcecode.c.objc; path = main.m; sourceTree = "<group>"; };
		7D2887DE1AE3F36E000FDB46 /* AppDelegate.h */ = {isa = PBXFileReference; lastKnownFileType = sourcecode.c.h; path = AppDelegate.h; sourceTree = "<group>"; };
		7D2887DF1AE3F36E000FDB46 /* AppDelegate.m */ = {isa = PBXFileReference; lastKnownFileType = sourcecode.c.objc; path = AppDelegate.m; sourceTree = "<group>"; };
		7D2887E21AE3F36E000FDB46 /* PragueSubway.xcdatamodel */ = {isa = PBXFileReference; lastKnownFileType = wrapper.xcdatamodel; path = PragueSubway.xcdatamodel; sourceTree = "<group>"; };
		7D2887E41AE3F36E000FDB46 /* ViewController.h */ = {isa = PBXFileReference; lastKnownFileType = sourcecode.c.h; path = ViewController.h; sourceTree = "<group>"; };
		7D2887E51AE3F36E000FDB46 /* ViewController.m */ = {isa = PBXFileReference; lastKnownFileType = sourcecode.c.objc; path = ViewController.m; sourceTree = "<group>"; };
		7D2887E81AE3F36E000FDB46 /* Base */ = {isa = PBXFileReference; lastKnownFileType = file.storyboard; name = Base; path = Base.lproj/Main.storyboard; sourceTree = "<group>"; };
		7D2887EA1AE3F36E000FDB46 /* Images.xcassets */ = {isa = PBXFileReference; lastKnownFileType = folder.assetcatalog; path = Images.xcassets; sourceTree = "<group>"; };
		7D2887ED1AE3F36E000FDB46 /* Base */ = {isa = PBXFileReference; lastKnownFileType = file.xib; name = Base; path = Base.lproj/LaunchScreen.xib; sourceTree = "<group>"; };
		7D2887F31AE3F36E000FDB46 /* PragueSubwayTests.xctest */ = {isa = PBXFileReference; explicitFileType = wrapper.cfbundle; includeInIndex = 0; path = PragueSubwayTests.xctest; sourceTree = BUILT_PRODUCTS_DIR; };
		7D2887F81AE3F36E000FDB46 /* Info.plist */ = {isa = PBXFileReference; lastKnownFileType = text.plist.xml; path = Info.plist; sourceTree = "<group>"; };
		7D2887F91AE3F36E000FDB46 /* PragueSubwayTests.m */ = {isa = PBXFileReference; lastKnownFileType = sourcecode.c.objc; path = PragueSubwayTests.m; sourceTree = "<group>"; };
		7D2888141AE401E1000FDB46 /* CoreData.framework */ = {isa = PBXFileReference; lastKnownFileType = wrapper.framework; name = CoreData.framework; path = System/Library/Frameworks/CoreData.framework; sourceTree = SDKROOT; };
		7D2888201AE403C3000FDB46 /* Station.h */ = {isa = PBXFileReference; fileEncoding = 4; lastKnownFileType = sourcecode.c.h; path = Station.h; sourceTree = "<group>"; };
		7D2888211AE403C3000FDB46 /* Station.m */ = {isa = PBXFileReference; fileEncoding = 4; lastKnownFileType = sourcecode.c.objc; path = Station.m; sourceTree = "<group>"; };
		7D2888231AE403C4000FDB46 /* Departure.h */ = {isa = PBXFileReference; fileEncoding = 4; lastKnownFileType = sourcecode.c.h; path = Departure.h; sourceTree = "<group>"; };
		7D2888241AE403C4000FDB46 /* Departure.m */ = {isa = PBXFileReference; fileEncoding = 4; lastKnownFileType = sourcecode.c.objc; path = Departure.m; sourceTree = "<group>"; };
		7D2888261AE403C4000FDB46 /* SubwayLine.h */ = {isa = PBXFileReference; fileEncoding = 4; lastKnownFileType = sourcecode.c.h; path = SubwayLine.h; sourceTree = "<group>"; };
		7D2888271AE403C4000FDB46 /* SubwayLine.m */ = {isa = PBXFileReference; fileEncoding = 4; lastKnownFileType = sourcecode.c.objc; path = SubwayLine.m; sourceTree = "<group>"; };
		7D28882A1AE406B6000FDB46 /* DataService.h */ = {isa = PBXFileReference; fileEncoding = 4; lastKnownFileType = sourcecode.c.h; path = DataService.h; sourceTree = "<group>"; };
		7D28882B1AE406B6000FDB46 /* DataService.m */ = {isa = PBXFileReference; fileEncoding = 4; lastKnownFileType = sourcecode.c.objc; path = DataService.m; sourceTree = "<group>"; };
		7D28882E1AE408EE000FDB46 /* UIKit.framework */ = {isa = PBXFileReference; lastKnownFileType = wrapper.framework; name = UIKit.framework; path = System/Library/Frameworks/UIKit.framework; sourceTree = SDKROOT; };
		7D2888301AE40914000FDB46 /* Foundation.framework */ = {isa = PBXFileReference; lastKnownFileType = wrapper.framework; name = Foundation.framework; path = System/Library/Frameworks/Foundation.framework; sourceTree = SDKROOT; };
		7D2888321AE40BAC000FDB46 /* Constants.h */ = {isa = PBXFileReference; lastKnownFileType = sourcecode.c.h; path = Constants.h; sourceTree = "<group>"; };
		7D2888351AE40D46000FDB46 /* PragueSubway-Prefix.pch */ = {isa = PBXFileReference; lastKnownFileType = sourcecode.c.h; path = "PragueSubway-Prefix.pch"; sourceTree = "<group>"; };
		7D329BC31AF21B690087C3C5 /* DeparturesTimer.h */ = {isa = PBXFileReference; fileEncoding = 4; lastKnownFileType = sourcecode.c.h; path = DeparturesTimer.h; sourceTree = "<group>"; };
		7D329BC41AF21B690087C3C5 /* DeparturesTimer.m */ = {isa = PBXFileReference; fileEncoding = 4; lastKnownFileType = sourcecode.c.objc; path = DeparturesTimer.m; sourceTree = "<group>"; };
		7D3725211AE6312E00E30D21 /* DataService+SubwayLine.h */ = {isa = PBXFileReference; fileEncoding = 4; lastKnownFileType = sourcecode.c.h; path = "DataService+SubwayLine.h"; sourceTree = "<group>"; };
		7D3725221AE6312E00E30D21 /* DataService+SubwayLine.m */ = {isa = PBXFileReference; fileEncoding = 4; lastKnownFileType = sourcecode.c.objc; path = "DataService+SubwayLine.m"; sourceTree = "<group>"; };
		7D3725241AE6327700E30D21 /* DataService+Departure.h */ = {isa = PBXFileReference; fileEncoding = 4; lastKnownFileType = sourcecode.c.h; path = "DataService+Departure.h"; sourceTree = "<group>"; };
		7D3725251AE6327700E30D21 /* DataService+Departure.m */ = {isa = PBXFileReference; fileEncoding = 4; lastKnownFileType = sourcecode.c.objc; path = "DataService+Departure.m"; sourceTree = "<group>"; };
		7D37252B1AE66CBE00E30D21 /* DataService+InitialData.h */ = {isa = PBXFileReference; fileEncoding = 4; lastKnownFileType = sourcecode.c.h; path = "DataService+InitialData.h"; sourceTree = "<group>"; };
		7D37252C1AE66CBE00E30D21 /* DataService+InitialData.m */ = {isa = PBXFileReference; fileEncoding = 4; lastKnownFileType = sourcecode.c.objc; path = "DataService+InitialData.m"; sourceTree = "<group>"; };
		7D8C44611AF1779C00A7363A /* DepartureSectionHeaderView.h */ = {isa = PBXFileReference; fileEncoding = 4; lastKnownFileType = sourcecode.c.h; path = DepartureSectionHeaderView.h; sourceTree = "<group>"; };
		7D8C44621AF1779C00A7363A /* DepartureSectionHeaderView.m */ = {isa = PBXFileReference; fileEncoding = 4; lastKnownFileType = sourcecode.c.objc; path = DepartureSectionHeaderView.m; sourceTree = "<group>"; };
		7DA0F4AA1AF26312006FD465 /* PragueSubway WatchKit Extension.appex */ = {isa = PBXFileReference; explicitFileType = "wrapper.app-extension"; includeInIndex = 0; path = "PragueSubway WatchKit Extension.appex"; sourceTree = BUILT_PRODUCTS_DIR; };
		7DA0F4AD1AF26312006FD465 /* Info.plist */ = {isa = PBXFileReference; lastKnownFileType = text.plist.xml; path = Info.plist; sourceTree = "<group>"; };
		7DA0F4AE1AF26312006FD465 /* InterfaceController.h */ = {isa = PBXFileReference; lastKnownFileType = sourcecode.c.h; path = InterfaceController.h; sourceTree = "<group>"; };
		7DA0F4AF1AF26312006FD465 /* InterfaceController.m */ = {isa = PBXFileReference; lastKnownFileType = sourcecode.c.objc; path = InterfaceController.m; sourceTree = "<group>"; };
		7DA0F4B11AF26312006FD465 /* Images.xcassets */ = {isa = PBXFileReference; lastKnownFileType = folder.assetcatalog; path = Images.xcassets; sourceTree = "<group>"; };
		7DA0F4B51AF26312006FD465 /* PragueSubway WatchKit App.app */ = {isa = PBXFileReference; explicitFileType = wrapper.application; includeInIndex = 0; path = "PragueSubway WatchKit App.app"; sourceTree = BUILT_PRODUCTS_DIR; };
		7DA0F4BB1AF26312006FD465 /* Info.plist */ = {isa = PBXFileReference; lastKnownFileType = text.plist.xml; path = Info.plist; sourceTree = "<group>"; };
		7DA0F4BD1AF26312006FD465 /* Base */ = {isa = PBXFileReference; lastKnownFileType = file.storyboard; name = Base; path = Base.lproj/Interface.storyboard; sourceTree = "<group>"; };
		7DA0F4BF1AF26312006FD465 /* Images.xcassets */ = {isa = PBXFileReference; lastKnownFileType = folder.assetcatalog; path = Images.xcassets; sourceTree = "<group>"; };
		7DAE6A2B1AE4DD890062054C /* DataService+Station.h */ = {isa = PBXFileReference; fileEncoding = 4; lastKnownFileType = sourcecode.c.h; path = "DataService+Station.h"; sourceTree = "<group>"; };
		7DAE6A2C1AE4DD890062054C /* DataService+Station.m */ = {isa = PBXFileReference; fileEncoding = 4; lastKnownFileType = sourcecode.c.objc; path = "DataService+Station.m"; sourceTree = "<group>"; };
		7DBB60061AE78FE5007C6B2A /* SubwayView.h */ = {isa = PBXFileReference; fileEncoding = 4; lastKnownFileType = sourcecode.c.h; path = SubwayView.h; sourceTree = "<group>"; };
		7DBB60071AE78FE5007C6B2A /* SubwayView.m */ = {isa = PBXFileReference; fileEncoding = 4; lastKnownFileType = sourcecode.c.objc; path = SubwayView.m; sourceTree = "<group>"; };
/* End PBXFileReference section */

/* Begin PBXFrameworksBuildPhase section */
		7D2887D41AE3F36E000FDB46 /* Frameworks */ = {
			isa = PBXFrameworksBuildPhase;
			buildActionMask = 2147483647;
			files = (
				7D2888311AE40914000FDB46 /* Foundation.framework in Frameworks */,
				7D28882F1AE408EE000FDB46 /* UIKit.framework in Frameworks */,
				7D28881F1AE40241000FDB46 /* CoreData.framework in Frameworks */,
			);
			runOnlyForDeploymentPostprocessing = 0;
		};
		7D2887F01AE3F36E000FDB46 /* Frameworks */ = {
			isa = PBXFrameworksBuildPhase;
			buildActionMask = 2147483647;
			files = (
			);
			runOnlyForDeploymentPostprocessing = 0;
		};
		7DA0F4A71AF26312006FD465 /* Frameworks */ = {
			isa = PBXFrameworksBuildPhase;
			buildActionMask = 2147483647;
			files = (
			);
			runOnlyForDeploymentPostprocessing = 0;
		};
/* End PBXFrameworksBuildPhase section */

/* Begin PBXGroup section */
		7D2887CE1AE3F36E000FDB46 = {
			isa = PBXGroup;
			children = (
				7DA0F4AB1AF26312006FD465 /* PragueSubway WatchKit Extension */,
				7DA0F4B91AF26312006FD465 /* PragueSubway WatchKit App */,
				7D2887D91AE3F36E000FDB46 /* PragueSubway */,
				7D2887F61AE3F36E000FDB46 /* PragueSubwayTests */,
				7DA0F4A51AF262E7006FD465 /* Frameworks */,
				7D2887D81AE3F36E000FDB46 /* Products */,
			);
			sourceTree = "<group>";
		};
		7D2887D81AE3F36E000FDB46 /* Products */ = {
			isa = PBXGroup;
			children = (
				7D2887D71AE3F36E000FDB46 /* PragueSubway.app */,
				7D2887F31AE3F36E000FDB46 /* PragueSubwayTests.xctest */,
				7DA0F4AA1AF26312006FD465 /* PragueSubway WatchKit Extension.appex */,
				7DA0F4B51AF26312006FD465 /* PragueSubway WatchKit App.app */,
			);
			name = Products;
			sourceTree = "<group>";
		};
		7D2887D91AE3F36E000FDB46 /* PragueSubway */ = {
			isa = PBXGroup;
			children = (
				7D2888121AE40161000FDB46 /* Controller */,
				7D2888111AE40152000FDB46 /* View */,
				7D2888131AE4016D000FDB46 /* Data */,
				7D329BC21AF219C10087C3C5 /* Model */,
				7D2888291AE40670000FDB46 /* Service */,
				7D2887DE1AE3F36E000FDB46 /* AppDelegate.h */,
				7D2887DF1AE3F36E000FDB46 /* AppDelegate.m */,
				7D2887EA1AE3F36E000FDB46 /* Images.xcassets */,
				7D2887DA1AE3F36E000FDB46 /* Supporting Files */,
			);
			path = PragueSubway;
			sourceTree = "<group>";
		};
		7D2887DA1AE3F36E000FDB46 /* Supporting Files */ = {
			isa = PBXGroup;
			children = (
				7D2888351AE40D46000FDB46 /* PragueSubway-Prefix.pch */,
				7D2887DB1AE3F36E000FDB46 /* Info.plist */,
				7D2887DC1AE3F36E000FDB46 /* main.m */,
				7D2888321AE40BAC000FDB46 /* Constants.h */,
			);
			name = "Supporting Files";
			sourceTree = "<group>";
		};
		7D2887F61AE3F36E000FDB46 /* PragueSubwayTests */ = {
			isa = PBXGroup;
			children = (
				7D2887F91AE3F36E000FDB46 /* PragueSubwayTests.m */,
				7D2887F71AE3F36E000FDB46 /* Supporting Files */,
			);
			path = PragueSubwayTests;
			sourceTree = "<group>";
		};
		7D2887F71AE3F36E000FDB46 /* Supporting Files */ = {
			isa = PBXGroup;
			children = (
				7D2887F81AE3F36E000FDB46 /* Info.plist */,
			);
			name = "Supporting Files";
			sourceTree = "<group>";
		};
		7D2888111AE40152000FDB46 /* View */ = {
			isa = PBXGroup;
			children = (
				7D062AF81AF11A4D0009162C /* StationViewController.xib */,
				7D2887E71AE3F36E000FDB46 /* Main.storyboard */,
				7D2887EC1AE3F36E000FDB46 /* LaunchScreen.xib */,
				7D8C44611AF1779C00A7363A /* DepartureSectionHeaderView.h */,
				7D8C44621AF1779C00A7363A /* DepartureSectionHeaderView.m */,
			);
			name = View;
			sourceTree = "<group>";
		};
		7D2888121AE40161000FDB46 /* Controller */ = {
			isa = PBXGroup;
			children = (
				7D2887E41AE3F36E000FDB46 /* ViewController.h */,
				7D2887E51AE3F36E000FDB46 /* ViewController.m */,
				7DBB60061AE78FE5007C6B2A /* SubwayView.h */,
				7DBB60071AE78FE5007C6B2A /* SubwayView.m */,
				7D062AF61AF11A4D0009162C /* StationViewController.h */,
				7D062AF71AF11A4D0009162C /* StationViewController.m */,
			);
			name = Controller;
			sourceTree = "<group>";
		};
		7D2888131AE4016D000FDB46 /* Data */ = {
			isa = PBXGroup;
			children = (
				7D2888261AE403C4000FDB46 /* SubwayLine.h */,
				7D2888271AE403C4000FDB46 /* SubwayLine.m */,
				7D2888231AE403C4000FDB46 /* Departure.h */,
				7D2888241AE403C4000FDB46 /* Departure.m */,
				7D2888201AE403C3000FDB46 /* Station.h */,
				7D2888211AE403C3000FDB46 /* Station.m */,
				7D2887E11AE3F36E000FDB46 /* PragueSubway.xcdatamodeld */,
			);
			name = Data;
			sourceTree = "<group>";
		};
		7D2888291AE40670000FDB46 /* Service */ = {
			isa = PBXGroup;
			children = (
				7D28882A1AE406B6000FDB46 /* DataService.h */,
				7D28882B1AE406B6000FDB46 /* DataService.m */,
				7DAE6A2B1AE4DD890062054C /* DataService+Station.h */,
				7DAE6A2C1AE4DD890062054C /* DataService+Station.m */,
				7D3725241AE6327700E30D21 /* DataService+Departure.h */,
				7D3725251AE6327700E30D21 /* DataService+Departure.m */,
				7D3725211AE6312E00E30D21 /* DataService+SubwayLine.h */,
				7D3725221AE6312E00E30D21 /* DataService+SubwayLine.m */,
				7D37252B1AE66CBE00E30D21 /* DataService+InitialData.h */,
				7D37252C1AE66CBE00E30D21 /* DataService+InitialData.m */,
			);
			name = Service;
			sourceTree = "<group>";
		};
		7D329BC21AF219C10087C3C5 /* Model */ = {
			isa = PBXGroup;
			children = (
				7D329BC31AF21B690087C3C5 /* DeparturesTimer.h */,
				7D329BC41AF21B690087C3C5 /* DeparturesTimer.m */,
			);
			name = Model;
			sourceTree = "<group>";
		};
		7DA0F4A51AF262E7006FD465 /* Frameworks */ = {
			isa = PBXGroup;
			children = (
				7D2888301AE40914000FDB46 /* Foundation.framework */,
				7D28882E1AE408EE000FDB46 /* UIKit.framework */,
				7D2888141AE401E1000FDB46 /* CoreData.framework */,
			);
			name = Frameworks;
			sourceTree = "<group>";
		};
		7DA0F4AB1AF26312006FD465 /* PragueSubway WatchKit Extension */ = {
			isa = PBXGroup;
			children = (
				7DA0F4AE1AF26312006FD465 /* InterfaceController.h */,
				7DA0F4AF1AF26312006FD465 /* InterfaceController.m */,
				7D24A80E1AF26532002221E0 /* LineInterfaceController.h */,
				7D24A80F1AF26532002221E0 /* LineInterfaceController.m */,
				7D24A8111AF2653D002221E0 /* StationInterfaceController.h */,
				7D24A8121AF2653D002221E0 /* StationInterfaceController.m */,
				7DA0F4B11AF26312006FD465 /* Images.xcassets */,
				7DA0F4AC1AF26312006FD465 /* Supporting Files */,
				7D24A8141AF2689C002221E0 /* LineRowType.h */,
				7D24A8151AF2689C002221E0 /* LineRowType.m */,
			);
			path = "PragueSubway WatchKit Extension";
			sourceTree = "<group>";
		};
		7DA0F4AC1AF26312006FD465 /* Supporting Files */ = {
			isa = PBXGroup;
			children = (
				7DA0F4AD1AF26312006FD465 /* Info.plist */,
			);
			name = "Supporting Files";
			sourceTree = "<group>";
		};
		7DA0F4B91AF26312006FD465 /* PragueSubway WatchKit App */ = {
			isa = PBXGroup;
			children = (
				7DA0F4BC1AF26312006FD465 /* Interface.storyboard */,
				7DA0F4BF1AF26312006FD465 /* Images.xcassets */,
				7DA0F4BA1AF26312006FD465 /* Supporting Files */,
			);
			path = "PragueSubway WatchKit App";
			sourceTree = "<group>";
		};
		7DA0F4BA1AF26312006FD465 /* Supporting Files */ = {
			isa = PBXGroup;
			children = (
				7DA0F4BB1AF26312006FD465 /* Info.plist */,
			);
			name = "Supporting Files";
			sourceTree = "<group>";
		};
/* End PBXGroup section */

/* Begin PBXNativeTarget section */
		7D2887D61AE3F36E000FDB46 /* PragueSubway */ = {
			isa = PBXNativeTarget;
			buildConfigurationList = 7D2887FD1AE3F36E000FDB46 /* Build configuration list for PBXNativeTarget "PragueSubway" */;
			buildPhases = (
				7D2887D31AE3F36E000FDB46 /* Sources */,
				7D2887D41AE3F36E000FDB46 /* Frameworks */,
				7D2887D51AE3F36E000FDB46 /* Resources */,
				7DA0F4C81AF26312006FD465 /* Embed App Extensions */,
			);
			buildRules = (
			);
			dependencies = (
				7DA0F4C21AF26312006FD465 /* PBXTargetDependency */,
			);
			name = PragueSubway;
			productName = PragueSubway;
			productReference = 7D2887D71AE3F36E000FDB46 /* PragueSubway.app */;
			productType = "com.apple.product-type.application";
		};
		7D2887F21AE3F36E000FDB46 /* PragueSubwayTests */ = {
			isa = PBXNativeTarget;
			buildConfigurationList = 7D2888001AE3F36E000FDB46 /* Build configuration list for PBXNativeTarget "PragueSubwayTests" */;
			buildPhases = (
				7D2887EF1AE3F36E000FDB46 /* Sources */,
				7D2887F01AE3F36E000FDB46 /* Frameworks */,
				7D2887F11AE3F36E000FDB46 /* Resources */,
			);
			buildRules = (
			);
			dependencies = (
				7D2887F51AE3F36E000FDB46 /* PBXTargetDependency */,
			);
			name = PragueSubwayTests;
			productName = PragueSubwayTests;
			productReference = 7D2887F31AE3F36E000FDB46 /* PragueSubwayTests.xctest */;
			productType = "com.apple.product-type.bundle.unit-test";
		};
		7DA0F4A91AF26312006FD465 /* PragueSubway WatchKit Extension */ = {
			isa = PBXNativeTarget;
			buildConfigurationList = 7DA0F4C61AF26312006FD465 /* Build configuration list for PBXNativeTarget "PragueSubway WatchKit Extension" */;
			buildPhases = (
				7DA0F4A61AF26312006FD465 /* Sources */,
				7DA0F4A71AF26312006FD465 /* Frameworks */,
				7DA0F4A81AF26312006FD465 /* Resources */,
			);
			buildRules = (
			);
			dependencies = (
				7DA0F4B81AF26312006FD465 /* PBXTargetDependency */,
			);
			name = "PragueSubway WatchKit Extension";
			productName = "PragueSubway WatchKit Extension";
			productReference = 7DA0F4AA1AF26312006FD465 /* PragueSubway WatchKit Extension.appex */;
			productType = "com.apple.product-type.watchkit-extension";
		};
		7DA0F4B41AF26312006FD465 /* PragueSubway WatchKit App */ = {
			isa = PBXNativeTarget;
			buildConfigurationList = 7DA0F4C41AF26312006FD465 /* Build configuration list for PBXNativeTarget "PragueSubway WatchKit App" */;
			buildPhases = (
				7DA0F4B31AF26312006FD465 /* Resources */,
			);
			buildRules = (
			);
			dependencies = (
			);
			name = "PragueSubway WatchKit App";
			productName = "PragueSubway WatchKit App";
			productReference = 7DA0F4B51AF26312006FD465 /* PragueSubway WatchKit App.app */;
			productType = "com.apple.product-type.application.watchapp";
		};
/* End PBXNativeTarget section */

/* Begin PBXProject section */
		7D2887CF1AE3F36E000FDB46 /* Project object */ = {
			isa = PBXProject;
			attributes = {
				LastUpgradeCheck = 0630;
				ORGANIZATIONNAME = "Jakub Vlasák";
				TargetAttributes = {
					7D2887D61AE3F36E000FDB46 = {
						CreatedOnToolsVersion = 6.3;
					};
					7D2887F21AE3F36E000FDB46 = {
						CreatedOnToolsVersion = 6.3;
						TestTargetID = 7D2887D61AE3F36E000FDB46;
					};
					7DA0F4A91AF26312006FD465 = {
						CreatedOnToolsVersion = 6.3.1;
					};
					7DA0F4B41AF26312006FD465 = {
						CreatedOnToolsVersion = 6.3.1;
					};
				};
			};
			buildConfigurationList = 7D2887D21AE3F36E000FDB46 /* Build configuration list for PBXProject "PragueSubway" */;
			compatibilityVersion = "Xcode 3.2";
			developmentRegion = English;
			hasScannedForEncodings = 0;
			knownRegions = (
				en,
				Base,
			);
			mainGroup = 7D2887CE1AE3F36E000FDB46;
			productRefGroup = 7D2887D81AE3F36E000FDB46 /* Products */;
			projectDirPath = "";
			projectRoot = "";
			targets = (
				7D2887D61AE3F36E000FDB46 /* PragueSubway */,
				7D2887F21AE3F36E000FDB46 /* PragueSubwayTests */,
				7DA0F4A91AF26312006FD465 /* PragueSubway WatchKit Extension */,
				7DA0F4B41AF26312006FD465 /* PragueSubway WatchKit App */,
			);
		};
/* End PBXProject section */

/* Begin PBXResourcesBuildPhase section */
		7D2887D51AE3F36E000FDB46 /* Resources */ = {
			isa = PBXResourcesBuildPhase;
			buildActionMask = 2147483647;
			files = (
				7D2887E91AE3F36E000FDB46 /* Main.storyboard in Resources */,
				7D2887EE1AE3F36E000FDB46 /* LaunchScreen.xib in Resources */,
				7D2887EB1AE3F36E000FDB46 /* Images.xcassets in Resources */,
				7D062AFA1AF11A4D0009162C /* StationViewController.xib in Resources */,
			);
			runOnlyForDeploymentPostprocessing = 0;
		};
		7D2887F11AE3F36E000FDB46 /* Resources */ = {
			isa = PBXResourcesBuildPhase;
			buildActionMask = 2147483647;
			files = (
			);
			runOnlyForDeploymentPostprocessing = 0;
		};
		7DA0F4A81AF26312006FD465 /* Resources */ = {
			isa = PBXResourcesBuildPhase;
			buildActionMask = 2147483647;
			files = (
				7DA0F4B21AF26312006FD465 /* Images.xcassets in Resources */,
				7DA0F4B61AF26312006FD465 /* PragueSubway WatchKit App.app in Resources */,
			);
			runOnlyForDeploymentPostprocessing = 0;
		};
		7DA0F4B31AF26312006FD465 /* Resources */ = {
			isa = PBXResourcesBuildPhase;
			buildActionMask = 2147483647;
			files = (
				7DA0F4BE1AF26312006FD465 /* Interface.storyboard in Resources */,
				7DA0F4C01AF26312006FD465 /* Images.xcassets in Resources */,
			);
			runOnlyForDeploymentPostprocessing = 0;
		};
/* End PBXResourcesBuildPhase section */

/* Begin PBXSourcesBuildPhase section */
		7D2887D31AE3F36E000FDB46 /* Sources */ = {
			isa = PBXSourcesBuildPhase;
			buildActionMask = 2147483647;
			files = (
				7D2887E01AE3F36E000FDB46 /* AppDelegate.m in Sources */,
				7DBB60081AE78FE5007C6B2A /* SubwayView.m in Sources */,
				7D2888221AE403C3000FDB46 /* Station.m in Sources */,
				7D37252D1AE66CBE00E30D21 /* DataService+InitialData.m in Sources */,
				7D3725231AE6312E00E30D21 /* DataService+SubwayLine.m in Sources */,
				7D2887E31AE3F36E000FDB46 /* PragueSubway.xcdatamodeld in Sources */,
				7D28882C1AE406B6000FDB46 /* DataService.m in Sources */,
				7D8C44631AF1779C00A7363A /* DepartureSectionHeaderView.m in Sources */,
				7D2887E61AE3F36E000FDB46 /* ViewController.m in Sources */,
				7D2888251AE403C4000FDB46 /* Departure.m in Sources */,
				7D3725261AE6327700E30D21 /* DataService+Departure.m in Sources */,
				7D2887DD1AE3F36E000FDB46 /* main.m in Sources */,
				7D329BC51AF21B690087C3C5 /* DeparturesTimer.m in Sources */,
				7D2888281AE403C4000FDB46 /* SubwayLine.m in Sources */,
				7DAE6A2D1AE4DD890062054C /* DataService+Station.m in Sources */,
				7D062AF91AF11A4D0009162C /* StationViewController.m in Sources */,
			);
			runOnlyForDeploymentPostprocessing = 0;
		};
		7D2887EF1AE3F36E000FDB46 /* Sources */ = {
			isa = PBXSourcesBuildPhase;
			buildActionMask = 2147483647;
			files = (
				7D2887FA1AE3F36E000FDB46 /* PragueSubwayTests.m in Sources */,
			);
			runOnlyForDeploymentPostprocessing = 0;
		};
		7DA0F4A61AF26312006FD465 /* Sources */ = {
			isa = PBXSourcesBuildPhase;
			buildActionMask = 2147483647;
			files = (
				7DA0F4B01AF26312006FD465 /* InterfaceController.m in Sources */,
				7D24A8101AF26532002221E0 /* LineInterfaceController.m in Sources */,
				7D24A8161AF2689C002221E0 /* LineRowType.m in Sources */,
				7D24A8131AF2653D002221E0 /* StationInterfaceController.m in Sources */,
			);
			runOnlyForDeploymentPostprocessing = 0;
		};
/* End PBXSourcesBuildPhase section */

/* Begin PBXTargetDependency section */
		7D2887F51AE3F36E000FDB46 /* PBXTargetDependency */ = {
			isa = PBXTargetDependency;
			target = 7D2887D61AE3F36E000FDB46 /* PragueSubway */;
			targetProxy = 7D2887F41AE3F36E000FDB46 /* PBXContainerItemProxy */;
		};
		7DA0F4B81AF26312006FD465 /* PBXTargetDependency */ = {
			isa = PBXTargetDependency;
			target = 7DA0F4B41AF26312006FD465 /* PragueSubway WatchKit App */;
			targetProxy = 7DA0F4B71AF26312006FD465 /* PBXContainerItemProxy */;
		};
		7DA0F4C21AF26312006FD465 /* PBXTargetDependency */ = {
			isa = PBXTargetDependency;
			target = 7DA0F4A91AF26312006FD465 /* PragueSubway WatchKit Extension */;
			targetProxy = 7DA0F4C11AF26312006FD465 /* PBXContainerItemProxy */;
		};
/* End PBXTargetDependency section */

/* Begin PBXVariantGroup section */
		7D2887E71AE3F36E000FDB46 /* Main.storyboard */ = {
			isa = PBXVariantGroup;
			children = (
				7D2887E81AE3F36E000FDB46 /* Base */,
			);
			name = Main.storyboard;
			sourceTree = "<group>";
		};
		7D2887EC1AE3F36E000FDB46 /* LaunchScreen.xib */ = {
			isa = PBXVariantGroup;
			children = (
				7D2887ED1AE3F36E000FDB46 /* Base */,
			);
			name = LaunchScreen.xib;
			sourceTree = "<group>";
		};
		7DA0F4BC1AF26312006FD465 /* Interface.storyboard */ = {
			isa = PBXVariantGroup;
			children = (
				7DA0F4BD1AF26312006FD465 /* Base */,
			);
			name = Interface.storyboard;
			sourceTree = "<group>";
		};
/* End PBXVariantGroup section */

/* Begin XCBuildConfiguration section */
		7D2887FC1AE3F36E000FDB46 /* Release */ = {
			isa = XCBuildConfiguration;
			buildSettings = {
				ALWAYS_SEARCH_USER_PATHS = NO;
				CLANG_CXX_LANGUAGE_STANDARD = "gnu++0x";
				CLANG_CXX_LIBRARY = "libc++";
				CLANG_ENABLE_MODULES = YES;
				CLANG_ENABLE_OBJC_ARC = YES;
				CLANG_WARN_BOOL_CONVERSION = YES;
				CLANG_WARN_CONSTANT_CONVERSION = YES;
				CLANG_WARN_DIRECT_OBJC_ISA_USAGE = YES_ERROR;
				CLANG_WARN_EMPTY_BODY = YES;
				CLANG_WARN_ENUM_CONVERSION = YES;
				CLANG_WARN_INT_CONVERSION = YES;
				CLANG_WARN_OBJC_ROOT_CLASS = YES_ERROR;
				CLANG_WARN_UNREACHABLE_CODE = YES;
				CLANG_WARN__DUPLICATE_METHOD_MATCH = YES;
				"CODE_SIGN_IDENTITY[sdk=iphoneos*]" = "iPhone Developer";
				COPY_PHASE_STRIP = NO;
				DEBUG_INFORMATION_FORMAT = "dwarf-with-dsym";
				ENABLE_NS_ASSERTIONS = NO;
				ENABLE_STRICT_OBJC_MSGSEND = YES;
				GCC_C_LANGUAGE_STANDARD = gnu99;
				GCC_NO_COMMON_BLOCKS = YES;
				GCC_WARN_64_TO_32_BIT_CONVERSION = YES;
				GCC_WARN_ABOUT_RETURN_TYPE = YES_ERROR;
				GCC_WARN_UNDECLARED_SELECTOR = YES;
				GCC_WARN_UNINITIALIZED_AUTOS = YES_AGGRESSIVE;
				GCC_WARN_UNUSED_FUNCTION = YES;
				GCC_WARN_UNUSED_VARIABLE = YES;
				IPHONEOS_DEPLOYMENT_TARGET = 8.3;
				MTL_ENABLE_DEBUG_INFO = NO;
				SDKROOT = iphoneos;
				VALIDATE_PRODUCT = YES;
			};
			name = Release;
		};
		7D2887FF1AE3F36E000FDB46 /* Release */ = {
			isa = XCBuildConfiguration;
			buildSettings = {
				ASSETCATALOG_COMPILER_APPICON_NAME = AppIcon;
				GCC_PRECOMPILE_PREFIX_HEADER = YES;
				GCC_PREFIX_HEADER = "PragueSubway/PragueSubway-Prefix.pch";
				INFOPLIST_FILE = PragueSubway/Info.plist;
				LD_RUNPATH_SEARCH_PATHS = "$(inherited) @executable_path/Frameworks";
				PRODUCT_NAME = "$(TARGET_NAME)";
			};
			name = Release;
		};
		7D2888021AE3F36E000FDB46 /* Release */ = {
			isa = XCBuildConfiguration;
			buildSettings = {
				BUNDLE_LOADER = "$(TEST_HOST)";
				FRAMEWORK_SEARCH_PATHS = (
					"$(SDKROOT)/Developer/Library/Frameworks",
					"$(inherited)",
				);
				INFOPLIST_FILE = PragueSubwayTests/Info.plist;
				LD_RUNPATH_SEARCH_PATHS = "$(inherited) @executable_path/Frameworks @loader_path/Frameworks";
				PRODUCT_NAME = "$(TARGET_NAME)";
				TEST_HOST = "$(BUILT_PRODUCTS_DIR)/PragueSubway.app/PragueSubway";
			};
			name = Release;
		};
		7DA0F4C51AF26312006FD465 /* Release */ = {
			isa = XCBuildConfiguration;
			buildSettings = {
				ASSETCATALOG_COMPILER_APPICON_NAME = AppIcon;
				IBSC_MODULE = PragueSubway_WatchKit_Extension;
				INFOPLIST_FILE = "PragueSubway WatchKit App/Info.plist";
				IPHONEOS_DEPLOYMENT_TARGET = 8.2;
				PRODUCT_NAME = "$(TARGET_NAME)";
				SKIP_INSTALL = YES;
				TARGETED_DEVICE_FAMILY = 4;
				"TARGETED_DEVICE_FAMILY[sdk=iphonesimulator*]" = "1,4";
			};
			name = Release;
		};
		7DA0F4C71AF26312006FD465 /* Release */ = {
			isa = XCBuildConfiguration;
			buildSettings = {
				INFOPLIST_FILE = "PragueSubway WatchKit Extension/Info.plist";
				LD_RUNPATH_SEARCH_PATHS = "$(inherited) @executable_path/Frameworks @executable_path/../../Frameworks";
				PRODUCT_NAME = "${TARGET_NAME}";
				SKIP_INSTALL = YES;
			};
			name = Release;
		};
/* End XCBuildConfiguration section */

/* Begin XCConfigurationList section */
		7D2887D21AE3F36E000FDB46 /* Build configuration list for PBXProject "PragueSubway" */ = {
			isa = XCConfigurationList;
			buildConfigurations = (
				7D2887FC1AE3F36E000FDB46 /* Release */,
			);
			defaultConfigurationIsVisible = 0;
			defaultConfigurationName = Release;
		};
		7D2887FD1AE3F36E000FDB46 /* Build configuration list for PBXNativeTarget "PragueSubway" */ = {
			isa = XCConfigurationList;
			buildConfigurations = (
				7D2887FF1AE3F36E000FDB46 /* Release */,
			);
			defaultConfigurationIsVisible = 0;
			defaultConfigurationName = Release;
		};
		7D2888001AE3F36E000FDB46 /* Build configuration list for PBXNativeTarget "PragueSubwayTests" */ = {
			isa = XCConfigurationList;
			buildConfigurations = (
				7D2888021AE3F36E000FDB46 /* Release */,
			);
			defaultConfigurationIsVisible = 0;
			defaultConfigurationName = Release;
		};
		7DA0F4C41AF26312006FD465 /* Build configuration list for PBXNativeTarget "PragueSubway WatchKit App" */ = {
			isa = XCConfigurationList;
			buildConfigurations = (
				7DA0F4C51AF26312006FD465 /* Release */,
			);
			defaultConfigurationIsVisible = 0;
			defaultConfigurationName = Release;
		};
		7DA0F4C61AF26312006FD465 /* Build configuration list for PBXNativeTarget "PragueSubway WatchKit Extension" */ = {
			isa = XCConfigurationList;
			buildConfigurations = (
				7DA0F4C71AF26312006FD465 /* Release */,
			);
			defaultConfigurationIsVisible = 0;
			defaultConfigurationName = Release;
		};
/* End XCConfigurationList section */

/* Begin XCVersionGroup section */
		7D2887E11AE3F36E000FDB46 /* PragueSubway.xcdatamodeld */ = {
			isa = XCVersionGroup;
			children = (
				7D2887E21AE3F36E000FDB46 /* PragueSubway.xcdatamodel */,
			);
			currentVersion = 7D2887E21AE3F36E000FDB46 /* PragueSubway.xcdatamodel */;
			path = PragueSubway.xcdatamodeld;
			sourceTree = "<group>";
			versionGroupType = wrapper.xcdatamodel;
		};
/* End XCVersionGroup section */
	};
	rootObject = 7D2887CF1AE3F36E000FDB46 /* Project object */;
}
